lockfileVersion: '9.0'

settings:
  autoInstallPeers: true
  excludeLinksFromLockfile: false

importers:

  .:
    dependencies:
      webextension-polyfill:
        specifier: ^0.12.0
        version: 0.12.0

packages:

  webextension-polyfill@0.12.0:
    resolution: {integrity: sha512-97TBmpoWJEE+3nFBQ4VocyCdLKfw54rFaJ6EVQYLBCXqCIpLSZkwGgASpv4oPt9gdKCJ80RJlcmNzNn008Ag6Q==}

snapshots:

  webextension-polyfill@0.12.0: {}
